
Microsoft Visual Studio Solution File, Format Version 12.00
# Visual Studio Version 17
VisualStudioVersion = 17.10.34928.147
MinimumVisualStudioVersion = 10.0.40219.1
Project("{FAE04EC0-301F-11D3-BF4B-00C04F79EFBC}") = "HotelBookingBackend", "HotelBookingBackend\HotelBookingBackend.csproj", "{057FD901-206E-4174-9B7E-F8A926BDB127}"
EndProject
Global
	GlobalSection(SolutionConfigurationPlatforms) = preSolution
		Debug|Any CPU = Debug|Any CPU
		Release|Any CPU = Release|Any CPU
	EndGlobalSection
	GlobalSection(ProjectConfigurationPlatforms) = postSolution
		{057FD901-206E-4174-9B7E-F8A926BDB127}.Debug|Any CPU.ActiveCfg = Debug|Any CPU
		{057FD901-206E-4174-9B7E-F8A926BDB127}.Debug|Any CPU.Build.0 = Debug|Any CPU
		{057FD901-206E-4174-9B7E-F8A926BDB127}.Release|Any CPU.ActiveCfg = Release|Any CPU
		{057FD901-206E-4174-9B7E-F8A926BDB127}.Release|Any CPU.Build.0 = Release|Any CPU
	EndGlobalSection
	GlobalSection(SolutionProperties) = preSolution
		HideSolutionNode = FALSE
	EndGlobalSection
	GlobalSection(ExtensibilityGlobals) = postSolution
		SolutionGuid = {5A5471E4-58FF-44B0-A41D-EFA54761F12B}
	EndGlobalSection
EndGlobal
